{
  "name": "cityofchristchurch",
  "version": "1.0.0",
  "lockfileVersion": 1,
  "requires": true,
  "dependencies": {
    "@fullcalendar/core": {
      "version": "4.3.1",
      "resolved": "https://registry.npmjs.org/@fullcalendar/core/-/core-4.3.1.tgz",
      "integrity": "sha512-Eh+p/wpMkWGu26f8NpfQK9ecQMoZxX/aopv+0+4/CH+Ip0paP6iEc40JYgTz7RFl0bFqV1dvwyGyUZ4+9ZeySA=="
    },
    "@fullcalendar/daygrid": {
      "version": "4.3.0",
      "resolved": "https://registry.npmjs.org/@fullcalendar/daygrid/-/daygrid-4.3.0.tgz",
      "integrity": "sha512-OrGaRIGbELESOXOCXtoQVY4cOxnxmN7OrjDGbMoVITdoXWuIZ6sFNO84WcBQoRaIbkmqVM0SAU2MENwy+eEwqQ=="
    },
    "body-scroll-lock": {
      "version": "3.1.5",
      "resolved": "https://registry.npmjs.org/body-scroll-lock/-/body-scroll-lock-3.1.5.tgz",
      "integrity": "sha512-Yi1Xaml0EvNA0OYWxXiYNqY24AfWkbA6w5vxE7GWxtKfzIbZM+Qw+aSmkgsbWzbHiy/RCSkUZBplVxTA+E4jJg=="
    },
    "disable-scroll": {
      "version": "0.5.0",
      "resolved": "https://registry.npmjs.org/disable-scroll/-/disable-scroll-0.5.0.tgz",
      "integrity": "sha512-esLJZORACXLVCIupsak9tJ+nfOH6nrj+iRSGTD8wj9HdHer6qSJCNs+ZCFXJ+d1kpgiasJ+lwNMEC7jmXzatZA==",
      "requires": {
        "scrollingelement": "^1.5.2"
      }
    },
    "fullcalendar": {
      "version": "3.10.1",
      "resolved": "https://registry.npmjs.org/fullcalendar/-/fullcalendar-3.10.1.tgz",
      "integrity": "sha512-E0ioaHVmwdS4es8pNTUNva7505wPkUMFdn9JGFLYo+J12ARhN3zDBwoPj2DfB8rL7Yc1sSve+FqDHC3s2SZ7Fw=="
    },
    "jquery": {
      "version": "3.4.1",
      "resolved": "https://registry.npmjs.org/jquery/-/jquery-3.4.1.tgz",
      "integrity": "sha512-36+AdBzCL+y6qjw5Tx7HgzeGCzC81MDDgaUP8ld2zhx58HdqXGoBd+tHdrBMiyjGQs0Hxs/MLZTu/eHNJJuWPw=="
    },
    "moment": {
      "version": "2.29.4",
      "resolved": "https://registry.npmjs.org/moment/-/moment-2.29.4.tgz",
      "integrity": "sha512-5LC9SOxjSc2HF6vO2CyuTDNivEdoz2IvyJJGj6X8DJ0eFyfszE0QiEd+iXmBvUP3WHxSjFH/vIsA0EN00cgr8w=="
    },
    "scrollingelement": {
      "version": "1.5.2",
      "resolved": "https://registry.npmjs.org/scrollingelement/-/scrollingelement-1.5.2.tgz",
      "integrity": "sha1-tjtxEU2GTjZxyh6FTqH5OvYfEH4="
    }
  }
}
